
Microsoft Visual Studio Solution File, Format Version 12.00
# Visual Studio 15
VisualStudioVersion = 15.0.28307.645
MinimumVisualStudioVersion = 10.0.40219.1
Project("{FAE04EC0-301F-11D3-BF4B-00C04F79EFBC}") = "funcion1", "funcion1\funcion1.csproj", "{DC289279-7665-413C-89CB-6C106CC58BB0}"
EndProject
Global
	GlobalSection(SolutionConfigurationPlatforms) = preSolution
		Debug|Any CPU = Debug|Any CPU
		Release|Any CPU = Release|Any CPU
	EndGlobalSection
	GlobalSection(ProjectConfigurationPlatforms) = postSolution
		{DC289279-7665-413C-89CB-6C106CC58BB0}.Debug|Any CPU.ActiveCfg = Debug|Any CPU
		{DC289279-7665-413C-89CB-6C106CC58BB0}.Debug|Any CPU.Build.0 = Debug|Any CPU
		{DC289279-7665-413C-89CB-6C106CC58BB0}.Release|Any CPU.ActiveCfg = Release|Any CPU
		{DC289279-7665-413C-89CB-6C106CC58BB0}.Release|Any CPU.Build.0 = Release|Any CPU
	EndGlobalSection
	GlobalSection(SolutionProperties) = preSolution
		HideSolutionNode = FALSE
	EndGlobalSection
	GlobalSection(ExtensibilityGlobals) = postSolution
		SolutionGuid = {FAF3608B-EBD8-4DE1-8993-4B8752EE34A3}
	EndGlobalSection
EndGlobal
